// !$*UTF8*$!
{
	archiveVersion = 1;
	classes = {
	};
	objectVersion = 56;
	objects = {

/* Begin PBXBuildFile section */
		CAC5D5F8296C989C007EDE29 /* JORDAN_Charged_UpApp.swift in Sources */ = {isa = PBXBuildFile; fileRef = CAC5D5F7296C989C007EDE29 /* JORDAN_Charged_UpApp.swift */; };
		CAC5D5FA296C989C007EDE29 /* ContentView.swift in Sources */ = {isa = PBXBuildFile; fileRef = CAC5D5F9296C989C007EDE29 /* ContentView.swift */; };
		CAC5D5FC296C989E007EDE29 /* Assets.xcassets in Resources */ = {isa = PBXBuildFile; fileRef = CAC5D5FB296C989E007EDE29 /* Assets.xcassets */; };
		CAC5D5FF296C989E007EDE29 /* Preview Assets.xcassets in Resources */ = {isa = PBXBuildFile; fileRef = CAC5D5FE296C989E007EDE29 /* Preview Assets.xcassets */; };
		CAC5D608296CA00A007EDE29 /* FieldLayout.sks in Resources */ = {isa = PBXBuildFile; fileRef = CAC5D607296CA00A007EDE29 /* FieldLayout.sks */; };
		CAC5D60A296CA04F007EDE29 /* FieldLayout.swift in Sources */ = {isa = PBXBuildFile; fileRef = CAC5D609296CA04F007EDE29 /* FieldLayout.swift */; };
		CAC5D61B297876CF007EDE29 /* AutoView.swift in Sources */ = {isa = PBXBuildFile; fileRef = CAC5D61A297876CF007EDE29 /* AutoView.swift */; };
		CAC5D621297876F9007EDE29 /* TeleView.swift in Sources */ = {isa = PBXBuildFile; fileRef = CAC5D620297876F9007EDE29 /* TeleView.swift */; };
		CAC5D623297876FF007EDE29 /* TeleLayout.sks in Resources */ = {isa = PBXBuildFile; fileRef = CAC5D622297876FF007EDE29 /* TeleLayout.sks */; };
		CAC5D62529787706007EDE29 /* TeleFile.swift in Sources */ = {isa = PBXBuildFile; fileRef = CAC5D62429787706007EDE29 /* TeleFile.swift */; };
		CAC5D6272978770A007EDE29 /* Mommylo.swift in Sources */ = {isa = PBXBuildFile; fileRef = CAC5D6262978770A007EDE29 /* Mommylo.swift */; };
		CAC5D62929787731007EDE29 /* MidGame.swift in Sources */ = {isa = PBXBuildFile; fileRef = CAC5D62829787731007EDE29 /* MidGame.swift */; };
		F8DF2693297722EF00DEEE33 /* CrossFileUtils.swift in Sources */ = {isa = PBXBuildFile; fileRef = F8DF2692297722EF00DEEE33 /* CrossFileUtils.swift */; };
/* End PBXBuildFile section */

/* Begin PBXFileReference section */
		CAC5D5F4296C989C007EDE29 /* JORDAN Charged Up.app */ = {isa = PBXFileReference; explicitFileType = wrapper.application; includeInIndex = 0; path = "JORDAN Charged Up.app"; sourceTree = BUILT_PRODUCTS_DIR; };
		CAC5D5F7296C989C007EDE29 /* JORDAN_Charged_UpApp.swift */ = {isa = PBXFileReference; lastKnownFileType = sourcecode.swift; path = JORDAN_Charged_UpApp.swift; sourceTree = "<group>"; };
		CAC5D5F9296C989C007EDE29 /* ContentView.swift */ = {isa = PBXFileReference; lastKnownFileType = sourcecode.swift; path = ContentView.swift; sourceTree = "<group>"; };
		CAC5D5FB296C989E007EDE29 /* Assets.xcassets */ = {isa = PBXFileReference; lastKnownFileType = folder.assetcatalog; path = Assets.xcassets; sourceTree = "<group>"; };
		CAC5D5FE296C989E007EDE29 /* Preview Assets.xcassets */ = {isa = PBXFileReference; lastKnownFileType = folder.assetcatalog; path = "Preview Assets.xcassets"; sourceTree = "<group>"; };
		CAC5D607296CA00A007EDE29 /* FieldLayout.sks */ = {isa = PBXFileReference; lastKnownFileType = file.sks; path = FieldLayout.sks; sourceTree = "<group>"; };
		CAC5D609296CA04F007EDE29 /* FieldLayout.swift */ = {isa = PBXFileReference; lastKnownFileType = sourcecode.swift; path = FieldLayout.swift; sourceTree = "<group>"; };
		CAC5D61A297876CF007EDE29 /* AutoView.swift */ = {isa = PBXFileReference; fileEncoding = 4; lastKnownFileType = sourcecode.swift; path = AutoView.swift; sourceTree = "<group>"; };
		CAC5D620297876F9007EDE29 /* TeleView.swift */ = {isa = PBXFileReference; fileEncoding = 4; lastKnownFileType = sourcecode.swift; path = TeleView.swift; sourceTree = "<group>"; };
		CAC5D622297876FF007EDE29 /* TeleLayout.sks */ = {isa = PBXFileReference; lastKnownFileType = file.sks; path = TeleLayout.sks; sourceTree = "<group>"; };
		CAC5D62429787706007EDE29 /* TeleFile.swift */ = {isa = PBXFileReference; fileEncoding = 4; lastKnownFileType = sourcecode.swift; path = TeleFile.swift; sourceTree = "<group>"; };
		CAC5D6262978770A007EDE29 /* Mommylo.swift */ = {isa = PBXFileReference; fileEncoding = 4; lastKnownFileType = sourcecode.swift; path = Mommylo.swift; sourceTree = "<group>"; };
		CAC5D62829787731007EDE29 /* MidGame.swift */ = {isa = PBXFileReference; fileEncoding = 4; lastKnownFileType = sourcecode.swift; path = MidGame.swift; sourceTree = "<group>"; };
		F8DF2692297722EF00DEEE33 /* CrossFileUtils.swift */ = {isa = PBXFileReference; lastKnownFileType = sourcecode.swift; path = CrossFileUtils.swift; sourceTree = "<group>"; };
/* End PBXFileReference section */

/* Begin PBXFrameworksBuildPhase section */
		CAC5D5F1296C989C007EDE29 /* Frameworks */ = {
			isa = PBXFrameworksBuildPhase;
			buildActionMask = 2147483647;
			files = (
			);
			runOnlyForDeploymentPostprocessing = 0;
		};
/* End PBXFrameworksBuildPhase section */

/* Begin PBXGroup section */
		CAC5D5EB296C989C007EDE29 = {
			isa = PBXGroup;
			children = (
				CAC5D5F6296C989C007EDE29 /* JORDAN Charged Up */,
				CAC5D5F5296C989C007EDE29 /* Products */,
			);
			sourceTree = "<group>";
		};
		CAC5D5F5296C989C007EDE29 /* Products */ = {
			isa = PBXGroup;
			children = (
				CAC5D5F4296C989C007EDE29 /* JORDAN Charged Up.app */,
			);
			name = Products;
			sourceTree = "<group>";
		};
		CAC5D5F6296C989C007EDE29 /* JORDAN Charged Up */ = {
			isa = PBXGroup;
			children = (
				CAC5D5F7296C989C007EDE29 /* JORDAN_Charged_UpApp.swift */,
				CAC5D5F9296C989C007EDE29 /* ContentView.swift */,
				CAC5D607296CA00A007EDE29 /* FieldLayout.sks */,
				CAC5D609296CA04F007EDE29 /* FieldLayout.swift */,
				CAC5D61A297876CF007EDE29 /* AutoView.swift */,
				CAC5D62829787731007EDE29 /* MidGame.swift */,
				CAC5D622297876FF007EDE29 /* TeleLayout.sks */,
				CAC5D620297876F9007EDE29 /* TeleView.swift */,
				CAC5D62429787706007EDE29 /* TeleFile.swift */,
				CAC5D6262978770A007EDE29 /* Mommylo.swift */,
				F8DF2692297722EF00DEEE33 /* CrossFileUtils.swift */,
				CAC5D5FB296C989E007EDE29 /* Assets.xcassets */,
				CAC5D5FD296C989E007EDE29 /* Preview Content */,
			);
			path = "JORDAN Charged Up";
			sourceTree = "<group>";
		};
		CAC5D5FD296C989E007EDE29 /* Preview Content */ = {
			isa = PBXGroup;
			children = (
				CAC5D5FE296C989E007EDE29 /* Preview Assets.xcassets */,
			);
			path = "Preview Content";
			sourceTree = "<group>";
		};
/* End PBXGroup section */

/* Begin PBXNativeTarget section */
		CAC5D5F3296C989C007EDE29 /* JORDAN Charged Up */ = {
			isa = PBXNativeTarget;
			buildConfigurationList = CAC5D602296C989E007EDE29 /* Build configuration list for PBXNativeTarget "JORDAN Charged Up" */;
			buildPhases = (
				CAC5D5F0296C989C007EDE29 /* Sources */,
				CAC5D5F1296C989C007EDE29 /* Frameworks */,
				CAC5D5F2296C989C007EDE29 /* Resources */,
			);
			buildRules = (
			);
			dependencies = (
			);
			name = "JORDAN Charged Up";
			productName = "JORDAN Charged Up";
			productReference = CAC5D5F4296C989C007EDE29 /* JORDAN Charged Up.app */;
			productType = "com.apple.product-type.application";
		};
/* End PBXNativeTarget section */

/* Begin PBXProject section */
		CAC5D5EC296C989C007EDE29 /* Project object */ = {
			isa = PBXProject;
			attributes = {
				BuildIndependentTargetsInParallel = 1;
				LastSwiftUpdateCheck = 1410;
				LastUpgradeCheck = 1410;
				TargetAttributes = {
					CAC5D5F3296C989C007EDE29 = {
						CreatedOnToolsVersion = 14.1;
					};
				};
			};
			buildConfigurationList = CAC5D5EF296C989C007EDE29 /* Build configuration list for PBXProject "JORDAN Charged Up" */;
			compatibilityVersion = "Xcode 14.0";
			developmentRegion = en;
			hasScannedForEncodings = 0;
			knownRegions = (
				en,
				Base,
			);
			mainGroup = CAC5D5EB296C989C007EDE29;
			productRefGroup = CAC5D5F5296C989C007EDE29 /* Products */;
			projectDirPath = "";
			projectRoot = "";
			targets = (
				CAC5D5F3296C989C007EDE29 /* JORDAN Charged Up */,
			);
		};
/* End PBXProject section */

/* Begin PBXResourcesBuildPhase section */
		CAC5D5F2296C989C007EDE29 /* Resources */ = {
			isa = PBXResourcesBuildPhase;
			buildActionMask = 2147483647;
			files = (
				CAC5D608296CA00A007EDE29 /* FieldLayout.sks in Resources */,
				CAC5D5FF296C989E007EDE29 /* Preview Assets.xcassets in Resources */,
				CAC5D5FC296C989E007EDE29 /* Assets.xcassets in Resources */,
				CAC5D623297876FF007EDE29 /* TeleLayout.sks in Resources */,
			);
			runOnlyForDeploymentPostprocessing = 0;
		};
/* End PBXResourcesBuildPhase section */

/* Begin PBXSourcesBuildPhase section */
		CAC5D5F0296C989C007EDE29 /* Sources */ = {
			isa = PBXSourcesBuildPhase;
			buildActionMask = 2147483647;
			files = (
				F8DF2693297722EF00DEEE33 /* CrossFileUtils.swift in Sources */,
				CAC5D5FA296C989C007EDE29 /* ContentView.swift in Sources */,
				CAC5D5F8296C989C007EDE29 /* JORDAN_Charged_UpApp.swift in Sources */,
				CAC5D6272978770A007EDE29 /* Mommylo.swift in Sources */,
				CAC5D62529787706007EDE29 /* TeleFile.swift in Sources */,
				CAC5D61B297876CF007EDE29 /* AutoView.swift in Sources */,
				CAC5D60A296CA04F007EDE29 /* FieldLayout.swift in Sources */,
				CAC5D62929787731007EDE29 /* MidGame.swift in Sources */,
				CAC5D621297876F9007EDE29 /* TeleView.swift in Sources */,
			);
			runOnlyForDeploymentPostprocessing = 0;
		};
/* End PBXSourcesBuildPhase section */

/* Begin XCBuildConfiguration section */
		CAC5D600296C989E007EDE29 /* Debug */ = {
			isa = XCBuildConfiguration;
			buildSettings = {
				ALWAYS_SEARCH_USER_PATHS = NO;
				CLANG_ANALYZER_NONNULL = YES;
				CLANG_ANALYZER_NUMBER_OBJECT_CONVERSION = YES_AGGRESSIVE;
				CLANG_CXX_LANGUAGE_STANDARD = "gnu++20";
				CLANG_ENABLE_MODULES = YES;
				CLANG_ENABLE_OBJC_ARC = YES;
				CLANG_ENABLE_OBJC_WEAK = YES;
				CLANG_WARN_BLOCK_CAPTURE_AUTORELEASING = YES;
				CLANG_WARN_BOOL_CONVERSION = YES;
				CLANG_WARN_COMMA = YES;
				CLANG_WARN_CONSTANT_CONVERSION = YES;
				CLANG_WARN_DEPRECATED_OBJC_IMPLEMENTATIONS = YES;
				CLANG_WARN_DIRECT_OBJC_ISA_USAGE = YES_ERROR;
				CLANG_WARN_DOCUMENTATION_COMMENTS = YES;
				CLANG_WARN_EMPTY_BODY = YES;
				CLANG_WARN_ENUM_CONVERSION = YES;
				CLANG_WARN_INFINITE_RECURSION = YES;
				CLANG_WARN_INT_CONVERSION = YES;
				CLANG_WARN_NON_LITERAL_NULL_CONVERSION = YES;
				CLANG_WARN_OBJC_IMPLICIT_RETAIN_SELF = YES;
				CLANG_WARN_OBJC_LITERAL_CONVERSION = YES;
				CLANG_WARN_OBJC_ROOT_CLASS = YES_ERROR;
				CLANG_WARN_QUOTED_INCLUDE_IN_FRAMEWORK_HEADER = YES;
				CLANG_WARN_RANGE_LOOP_ANALYSIS = YES;
				CLANG_WARN_STRICT_PROTOTYPES = YES;
				CLANG_WARN_SUSPICIOUS_MOVE = YES;
				CLANG_WARN_UNGUARDED_AVAILABILITY = YES_AGGRESSIVE;
				CLANG_WARN_UNREACHABLE_CODE = YES;
				CLANG_WARN__DUPLICATE_METHOD_MATCH = YES;
				COPY_PHASE_STRIP = NO;
				DEBUG_INFORMATION_FORMAT = dwarf;
				ENABLE_STRICT_OBJC_MSGSEND = YES;
				ENABLE_TESTABILITY = YES;
				GCC_C_LANGUAGE_STANDARD = gnu11;
				GCC_DYNAMIC_NO_PIC = NO;
				GCC_NO_COMMON_BLOCKS = YES;
				GCC_OPTIMIZATION_LEVEL = 0;
				GCC_PREPROCESSOR_DEFINITIONS = (
					"DEBUG=1",
					"$(inherited)",
				);
				GCC_WARN_64_TO_32_BIT_CONVERSION = YES;
				GCC_WARN_ABOUT_RETURN_TYPE = YES_ERROR;
				GCC_WARN_UNDECLARED_SELECTOR = YES;
				GCC_WARN_UNINITIALIZED_AUTOS = YES_AGGRESSIVE;
				GCC_WARN_UNUSED_FUNCTION = YES;
				GCC_WARN_UNUSED_VARIABLE = YES;
				IPHONEOS_DEPLOYMENT_TARGET = 16.1;
				MTL_ENABLE_DEBUG_INFO = INCLUDE_SOURCE;
				MTL_FAST_MATH = YES;
				ONLY_ACTIVE_ARCH = YES;
				SDKROOT = iphoneos;
				SWIFT_ACTIVE_COMPILATION_CONDITIONS = DEBUG;
				SWIFT_OPTIMIZATION_LEVEL = "-Onone";
			};
			name = Debug;
		};
		CAC5D601296C989E007EDE29 /* Release */ = {
			isa = XCBuildConfiguration;
			buildSettings = {
				ALWAYS_SEARCH_USER_PATHS = NO;
				CLANG_ANALYZER_NONNULL = YES;
				CLANG_ANALYZER_NUMBER_OBJECT_CONVERSION = YES_AGGRESSIVE;
				CLANG_CXX_LANGUAGE_STANDARD = "gnu++20";
				CLANG_ENABLE_MODULES = YES;
				CLANG_ENABLE_OBJC_ARC = YES;
				CLANG_ENABLE_OBJC_WEAK = YES;
				CLANG_WARN_BLOCK_CAPTURE_AUTORELEASING = YES;
				CLANG_WARN_BOOL_CONVERSION = YES;
				CLANG_WARN_COMMA = YES;
				CLANG_WARN_CONSTANT_CONVERSION = YES;
				CLANG_WARN_DEPRECATED_OBJC_IMPLEMENTATIONS = YES;
				CLANG_WARN_DIRECT_OBJC_ISA_USAGE = YES_ERROR;
				CLANG_WARN_DOCUMENTATION_COMMENTS = YES;
				CLANG_WARN_EMPTY_BODY = YES;
				CLANG_WARN_ENUM_CONVERSION = YES;
				CLANG_WARN_INFINITE_RECURSION = YES;
				CLANG_WARN_INT_CONVERSION = YES;
				CLANG_WARN_NON_LITERAL_NULL_CONVERSION = YES;
				CLANG_WARN_OBJC_IMPLICIT_RETAIN_SELF = YES;
				CLANG_WARN_OBJC_LITERAL_CONVERSION = YES;
				CLANG_WARN_OBJC_ROOT_CLASS = YES_ERROR;
				CLANG_WARN_QUOTED_INCLUDE_IN_FRAMEWORK_HEADER = YES;
				CLANG_WARN_RANGE_LOOP_ANALYSIS = YES;
				CLANG_WARN_STRICT_PROTOTYPES = YES;
				CLANG_WARN_SUSPICIOUS_MOVE = YES;
				CLANG_WARN_UNGUARDED_AVAILABILITY = YES_AGGRESSIVE;
				CLANG_WARN_UNREACHABLE_CODE = YES;
				CLANG_WARN__DUPLICATE_METHOD_MATCH = YES;
				COPY_PHASE_STRIP = NO;
				DEBUG_INFORMATION_FORMAT = "dwarf-with-dsym";
				ENABLE_NS_ASSERTIONS = NO;
				ENABLE_STRICT_OBJC_MSGSEND = YES;
				GCC_C_LANGUAGE_STANDARD = gnu11;
				GCC_NO_COMMON_BLOCKS = YES;
				GCC_WARN_64_TO_32_BIT_CONVERSION = YES;
				GCC_WARN_ABOUT_RETURN_TYPE = YES_ERROR;
				GCC_WARN_UNDECLARED_SELECTOR = YES;
				GCC_WARN_UNINITIALIZED_AUTOS = YES_AGGRESSIVE;
				GCC_WARN_UNUSED_FUNCTION = YES;
				GCC_WARN_UNUSED_VARIABLE = YES;
				IPHONEOS_DEPLOYMENT_TARGET = 16.1;
				MTL_ENABLE_DEBUG_INFO = NO;
				MTL_FAST_MATH = YES;
				SDKROOT = iphoneos;
				SWIFT_COMPILATION_MODE = wholemodule;
				SWIFT_OPTIMIZATION_LEVEL = "-O";
				VALIDATE_PRODUCT = YES;
			};
			name = Release;
		};
		CAC5D603296C989E007EDE29 /* Debug */ = {
			isa = XCBuildConfiguration;
			buildSettings = {
				ASSETCATALOG_COMPILER_APPICON_NAME = AppIcon;
				ASSETCATALOG_COMPILER_GLOBAL_ACCENT_COLOR_NAME = AccentColor;
				CODE_SIGN_STYLE = Automatic;
				CURRENT_PROJECT_VERSION = 1;
				DEVELOPMENT_ASSET_PATHS = "\"JORDAN Charged Up/Preview Content\"";
				ENABLE_PREVIEWS = YES;
				GENERATE_INFOPLIST_FILE = YES;
				INFOPLIST_KEY_UIApplicationSceneManifest_Generation = YES;
				INFOPLIST_KEY_UIApplicationSupportsIndirectInputEvents = YES;
				INFOPLIST_KEY_UILaunchScreen_Generation = YES;
				INFOPLIST_KEY_UIStatusBarStyle = "";
				INFOPLIST_KEY_UISupportedInterfaceOrientations = "UIInterfaceOrientationLandscapeLeft UIInterfaceOrientationLandscapeRight";
				IPHONEOS_DEPLOYMENT_TARGET = 15.0;
				LD_RUNPATH_SEARCH_PATHS = (
					"$(inherited)",
					"@executable_path/Frameworks",
				);
				MARKETING_VERSION = 1.0;
				PRODUCT_BUNDLE_IDENTIFIER = "com.appcool.JORDAN-Charged-Up";
				PRODUCT_NAME = "$(TARGET_NAME)";
				SWIFT_EMIT_LOC_STRINGS = YES;
				SWIFT_VERSION = 5.0;
				TARGETED_DEVICE_FAMILY = "1,2";
			};
			name = Debug;
		};
		CAC5D604296C989E007EDE29 /* Release */ = {
			isa = XCBuildConfiguration;
			buildSettings = {
				ASSETCATALOG_COMPILER_APPICON_NAME = AppIcon;
				ASSETCATALOG_COMPILER_GLOBAL_ACCENT_COLOR_NAME = AccentColor;
				CODE_SIGN_STYLE = Automatic;
				CURRENT_PROJECT_VERSION = 1;
				DEVELOPMENT_ASSET_PATHS = "\"JORDAN Charged Up/Preview Content\"";
				ENABLE_PREVIEWS = YES;
				GENERATE_INFOPLIST_FILE = YES;
				INFOPLIST_KEY_UIApplicationSceneManifest_Generation = YES;
				INFOPLIST_KEY_UIApplicationSupportsIndirectInputEvents = YES;
				INFOPLIST_KEY_UILaunchScreen_Generation = YES;
				INFOPLIST_KEY_UIStatusBarStyle = "";
				INFOPLIST_KEY_UISupportedInterfaceOrientations = "UIInterfaceOrientationLandscapeLeft UIInterfaceOrientationLandscapeRight";
				IPHONEOS_DEPLOYMENT_TARGET = 15.0;
				LD_RUNPATH_SEARCH_PATHS = (
					"$(inherited)",
					"@executable_path/Frameworks",
				);
				MARKETING_VERSION = 1.0;
				PRODUCT_BUNDLE_IDENTIFIER = "com.appcool.JORDAN-Charged-Up";
				PRODUCT_NAME = "$(TARGET_NAME)";
				SWIFT_EMIT_LOC_STRINGS = YES;
				SWIFT_VERSION = 5.0;
				TARGETED_DEVICE_FAMILY = "1,2";
			};
			name = Release;
		};
/* End XCBuildConfiguration section */

/* Begin XCConfigurationList section */
		CAC5D5EF296C989C007EDE29 /* Build configuration list for PBXProject "JORDAN Charged Up" */ = {
			isa = XCConfigurationList;
			buildConfigurations = (
				CAC5D600296C989E007EDE29 /* Debug */,
				CAC5D601296C989E007EDE29 /* Release */,
			);
			defaultConfigurationIsVisible = 0;
			defaultConfigurationName = Release;
		};
		CAC5D602296C989E007EDE29 /* Build configuration list for PBXNativeTarget "JORDAN Charged Up" */ = {
			isa = XCConfigurationList;
			buildConfigurations = (
				CAC5D603296C989E007EDE29 /* Debug */,
				CAC5D604296C989E007EDE29 /* Release */,
			);
			defaultConfigurationIsVisible = 0;
			defaultConfigurationName = Release;
		};
/* End XCConfigurationList section */
	};
	rootObject = CAC5D5EC296C989C007EDE29 /* Project object */;
}
